
Microsoft Visual Studio Solution File, Format Version 12.00
# Visual Studio Version 17
VisualStudioVersion = 17.10.35013.160
MinimumVisualStudioVersion = 10.0.40219.1
Project("{FAE04EC0-301F-11D3-BF4B-00C04F79EFBC}") = "WeatherReport", "WeatherReport\WeatherReport.csproj", "{898AB953-6135-431D-8C30-2466A3319614}"
EndProject
Global
	GlobalSection(SolutionConfigurationPlatforms) = preSolution
		Debug|Any CPU = Debug|Any CPU
		Release|Any CPU = Release|Any CPU
	EndGlobalSection
	GlobalSection(ProjectConfigurationPlatforms) = postSolution
		{898AB953-6135-431D-8C30-2466A3319614}.Debug|Any CPU.ActiveCfg = Debug|Any CPU
		{898AB953-6135-431D-8C30-2466A3319614}.Debug|Any CPU.Build.0 = Debug|Any CPU
		{898AB953-6135-431D-8C30-2466A3319614}.Debug|Any CPU.Deploy.0 = Debug|Any CPU
		{898AB953-6135-431D-8C30-2466A3319614}.Release|Any CPU.ActiveCfg = Release|Any CPU
		{898AB953-6135-431D-8C30-2466A3319614}.Release|Any CPU.Build.0 = Release|Any CPU
		{898AB953-6135-431D-8C30-2466A3319614}.Release|Any CPU.Deploy.0 = Release|Any CPU
	EndGlobalSection
	GlobalSection(SolutionProperties) = preSolution
		HideSolutionNode = FALSE
	EndGlobalSection
	GlobalSection(ExtensibilityGlobals) = postSolution
		SolutionGuid = {2D5BA5C4-DD5C-41D7-A65B-49945269CB52}
	EndGlobalSection
EndGlobal
